
Microsoft Visual Studio Solution File, Format Version 12.00
# Visual Studio Version 16
VisualStudioVersion = 16.0.30907.101
MinimumVisualStudioVersion = 10.0.40219.1
Project("{FAE04EC0-301F-11D3-BF4B-00C04F79EFBC}") = "Lab5", "Lab5\Lab5.csproj", "{70F26FA5-EDC2-4EB2-A3BD-620D94855F58}"
EndProject
Global
	GlobalSection(SolutionConfigurationPlatforms) = preSolution
		Debug|Any CPU = Debug|Any CPU
		Release|Any CPU = Release|Any CPU
	EndGlobalSection
	GlobalSection(ProjectConfigurationPlatforms) = postSolution
		{70F26FA5-EDC2-4EB2-A3BD-620D94855F58}.Debug|Any CPU.ActiveCfg = Debug|Any CPU
		{70F26FA5-EDC2-4EB2-A3BD-620D94855F58}.Debug|Any CPU.Build.0 = Debug|Any CPU
		{70F26FA5-EDC2-4EB2-A3BD-620D94855F58}.Release|Any CPU.ActiveCfg = Release|Any CPU
		{70F26FA5-EDC2-4EB2-A3BD-620D94855F58}.Release|Any CPU.Build.0 = Release|Any CPU
	EndGlobalSection
	GlobalSection(SolutionProperties) = preSolution
		HideSolutionNode = FALSE
	EndGlobalSection
	GlobalSection(ExtensibilityGlobals) = postSolution
		SolutionGuid = {40797E11-3134-45FD-865F-491B85AAA30D}
	EndGlobalSection
EndGlobal
